
Microsoft Visual Studio Solution File, Format Version 12.00
# Visual Studio Version 17
VisualStudioVersion = 17.9.34728.123
MinimumVisualStudioVersion = 10.0.40219.1
Project("{2150E333-8FDC-42A3-9474-1A3956D46DE8}") = "Banking", "Banking", "{F04A2BC1-81FC-4D7C-A405-4039F75F712B}"
EndProject
Project("{2150E333-8FDC-42A3-9474-1A3956D46DE8}") = "Banking.API", "Banking.API", "{41148837-2DFF-4401-99E5-92C26DFE841E}"
EndProject
Project("{2150E333-8FDC-42A3-9474-1A3956D46DE8}") = "Banking.Application", "Banking.Application", "{1F063CA5-98FC-4CB9-A954-17CA31B69F4A}"
EndProject
Project("{2150E333-8FDC-42A3-9474-1A3956D46DE8}") = "Banking.infrastructure", "Banking.infrastructure", "{7C102F0B-7AF0-4D71-9A7E-0225CD163DE9}"
EndProject
Project("{2150E333-8FDC-42A3-9474-1A3956D46DE8}") = "Banking.Persistance", "Banking.Persistance", "{7F41E59D-DE30-449C-B3A1-CB8B77304B28}"
EndProject
Project("{9A19103F-16F7-4668-BE54-9A1E7A4F7556}") = "Banking.API", "Banking\Banking.API\Banking.API.csproj", "{8B5DAF96-766C-4519-B34C-851840563D1E}"
EndProject
Project("{9A19103F-16F7-4668-BE54-9A1E7A4F7556}") = "Banking.Application", "Banking\Banking.Application\Banking.Application.csproj", "{FF5703E2-DC3B-4318-809B-0E9BD7945B22}"
EndProject
Project("{9A19103F-16F7-4668-BE54-9A1E7A4F7556}") = "Banking.infrastructure", "Banking\Banking.infrastructure\Banking.infrastructure.csproj", "{9ECCA2CC-34B4-4B34-9B69-F4FE5FD95816}"
EndProject
Project("{9A19103F-16F7-4668-BE54-9A1E7A4F7556}") = "Banking.Persistance", "Banking\Banking.Persistance\Banking.Persistance.csproj", "{EA1208D3-87BC-43CB-A2C3-5443F90F3DBD}"
EndProject
Project("{2150E333-8FDC-42A3-9474-1A3956D46DE8}") = "Banking.Domain", "Banking.Domain", "{2B4DE4FF-E221-47BB-8714-928FD46E288E}"
EndProject
Project("{9A19103F-16F7-4668-BE54-9A1E7A4F7556}") = "Banking.Domain", "Banking\Banking.Domain\Banking.Domain.csproj", "{E3FEAE98-3AD7-4F4F-AEC3-341898EA65DE}"
EndProject
Project("{2150E333-8FDC-42A3-9474-1A3956D46DE8}") = "Banking.DataTransferObject", "Banking.DataTransferObject", "{547AED34-1F74-4586-B697-F062AECEC77B}"
EndProject
Project("{FAE04EC0-301F-11D3-BF4B-00C04F79EFBC}") = "BankingApp.DataTransferObject", "Banking\BankingApp.DataTransferObject\BankingApp.DataTransferObject.csproj", "{AE5822D3-1A9C-445B-9A81-8710613D4756}"
EndProject
Project("{2150E333-8FDC-42A3-9474-1A3956D46DE8}") = "tests", "tests", "{1344E120-778E-4F86-8E51-D262966685F2}"
EndProject
Project("{FAE04EC0-301F-11D3-BF4B-00C04F79EFBC}") = "Banking.Persistance.UnitTests", "Banking\Banking.Persistance.UnitTests\Banking.Persistance.UnitTests.csproj", "{3D011930-1671-4745-BC8C-695433B47DF3}"
EndProject
Global
	GlobalSection(SolutionConfigurationPlatforms) = preSolution
		Debug|Any CPU = Debug|Any CPU
		Release|Any CPU = Release|Any CPU
	EndGlobalSection
	GlobalSection(ProjectConfigurationPlatforms) = postSolution
		{8B5DAF96-766C-4519-B34C-851840563D1E}.Debug|Any CPU.ActiveCfg = Debug|Any CPU
		{8B5DAF96-766C-4519-B34C-851840563D1E}.Debug|Any CPU.Build.0 = Debug|Any CPU
		{8B5DAF96-766C-4519-B34C-851840563D1E}.Release|Any CPU.ActiveCfg = Release|Any CPU
		{8B5DAF96-766C-4519-B34C-851840563D1E}.Release|Any CPU.Build.0 = Release|Any CPU
		{FF5703E2-DC3B-4318-809B-0E9BD7945B22}.Debug|Any CPU.ActiveCfg = Debug|Any CPU
		{FF5703E2-DC3B-4318-809B-0E9BD7945B22}.Debug|Any CPU.Build.0 = Debug|Any CPU
		{FF5703E2-DC3B-4318-809B-0E9BD7945B22}.Release|Any CPU.ActiveCfg = Release|Any CPU
		{FF5703E2-DC3B-4318-809B-0E9BD7945B22}.Release|Any CPU.Build.0 = Release|Any CPU
		{9ECCA2CC-34B4-4B34-9B69-F4FE5FD95816}.Debug|Any CPU.ActiveCfg = Debug|Any CPU
		{9ECCA2CC-34B4-4B34-9B69-F4FE5FD95816}.Debug|Any CPU.Build.0 = Debug|Any CPU
		{9ECCA2CC-34B4-4B34-9B69-F4FE5FD95816}.Release|Any CPU.ActiveCfg = Release|Any CPU
		{9ECCA2CC-34B4-4B34-9B69-F4FE5FD95816}.Release|Any CPU.Build.0 = Release|Any CPU
		{EA1208D3-87BC-43CB-A2C3-5443F90F3DBD}.Debug|Any CPU.ActiveCfg = Debug|Any CPU
		{EA1208D3-87BC-43CB-A2C3-5443F90F3DBD}.Debug|Any CPU.Build.0 = Debug|Any CPU
		{EA1208D3-87BC-43CB-A2C3-5443F90F3DBD}.Release|Any CPU.ActiveCfg = Release|Any CPU
		{EA1208D3-87BC-43CB-A2C3-5443F90F3DBD}.Release|Any CPU.Build.0 = Release|Any CPU
		{E3FEAE98-3AD7-4F4F-AEC3-341898EA65DE}.Debug|Any CPU.ActiveCfg = Debug|Any CPU
		{E3FEAE98-3AD7-4F4F-AEC3-341898EA65DE}.Debug|Any CPU.Build.0 = Debug|Any CPU
		{E3FEAE98-3AD7-4F4F-AEC3-341898EA65DE}.Release|Any CPU.ActiveCfg = Release|Any CPU
		{E3FEAE98-3AD7-4F4F-AEC3-341898EA65DE}.Release|Any CPU.Build.0 = Release|Any CPU
		{AE5822D3-1A9C-445B-9A81-8710613D4756}.Debug|Any CPU.ActiveCfg = Debug|Any CPU
		{AE5822D3-1A9C-445B-9A81-8710613D4756}.Debug|Any CPU.Build.0 = Debug|Any CPU
		{AE5822D3-1A9C-445B-9A81-8710613D4756}.Release|Any CPU.ActiveCfg = Release|Any CPU
		{AE5822D3-1A9C-445B-9A81-8710613D4756}.Release|Any CPU.Build.0 = Release|Any CPU
		{3D011930-1671-4745-BC8C-695433B47DF3}.Debug|Any CPU.ActiveCfg = Debug|Any CPU
		{3D011930-1671-4745-BC8C-695433B47DF3}.Debug|Any CPU.Build.0 = Debug|Any CPU
		{3D011930-1671-4745-BC8C-695433B47DF3}.Release|Any CPU.ActiveCfg = Release|Any CPU
		{3D011930-1671-4745-BC8C-695433B47DF3}.Release|Any CPU.Build.0 = Release|Any CPU
	EndGlobalSection
	GlobalSection(SolutionProperties) = preSolution
		HideSolutionNode = FALSE
	EndGlobalSection
	GlobalSection(NestedProjects) = preSolution
		{41148837-2DFF-4401-99E5-92C26DFE841E} = {F04A2BC1-81FC-4D7C-A405-4039F75F712B}
		{1F063CA5-98FC-4CB9-A954-17CA31B69F4A} = {F04A2BC1-81FC-4D7C-A405-4039F75F712B}
		{7C102F0B-7AF0-4D71-9A7E-0225CD163DE9} = {F04A2BC1-81FC-4D7C-A405-4039F75F712B}
		{7F41E59D-DE30-449C-B3A1-CB8B77304B28} = {F04A2BC1-81FC-4D7C-A405-4039F75F712B}
		{8B5DAF96-766C-4519-B34C-851840563D1E} = {41148837-2DFF-4401-99E5-92C26DFE841E}
		{FF5703E2-DC3B-4318-809B-0E9BD7945B22} = {1F063CA5-98FC-4CB9-A954-17CA31B69F4A}
		{9ECCA2CC-34B4-4B34-9B69-F4FE5FD95816} = {7C102F0B-7AF0-4D71-9A7E-0225CD163DE9}
		{EA1208D3-87BC-43CB-A2C3-5443F90F3DBD} = {7F41E59D-DE30-449C-B3A1-CB8B77304B28}
		{2B4DE4FF-E221-47BB-8714-928FD46E288E} = {F04A2BC1-81FC-4D7C-A405-4039F75F712B}
		{E3FEAE98-3AD7-4F4F-AEC3-341898EA65DE} = {2B4DE4FF-E221-47BB-8714-928FD46E288E}
		{547AED34-1F74-4586-B697-F062AECEC77B} = {F04A2BC1-81FC-4D7C-A405-4039F75F712B}
		{AE5822D3-1A9C-445B-9A81-8710613D4756} = {547AED34-1F74-4586-B697-F062AECEC77B}
		{3D011930-1671-4745-BC8C-695433B47DF3} = {1344E120-778E-4F86-8E51-D262966685F2}
	EndGlobalSection
	GlobalSection(ExtensibilityGlobals) = postSolution
		SolutionGuid = {1E5B15A9-9E79-41C2-A058-0A1DF1E01D07}
	EndGlobalSection
EndGlobal
